// !$*UTF8*$!
{
	archiveVersion = 1;
	classes = {
	};
	objectVersion = 51;
	objects = {

/* Begin PBXBuildFile section */
		375CA40022AFB0C300E33E7C /* AppDelegate.swift in Sources */ = {isa = PBXBuildFile; fileRef = 375CA3FF22AFB0C300E33E7C /* AppDelegate.swift */; };
		375CA40222AFB0C300E33E7C /* ViewController.swift in Sources */ = {isa = PBXBuildFile; fileRef = 375CA40122AFB0C300E33E7C /* ViewController.swift */; };
		375CA40722AFB0C400E33E7C /* Assets.xcassets in Resources */ = {isa = PBXBuildFile; fileRef = 375CA40622AFB0C400E33E7C /* Assets.xcassets */; };
		375CA40A22AFB0C400E33E7C /* LaunchScreen.storyboard in Resources */ = {isa = PBXBuildFile; fileRef = 375CA40822AFB0C400E33E7C /* LaunchScreen.storyboard */; };
		375CA41522AFB0C500E33E7C /* SimpleDemoTests.swift in Sources */ = {isa = PBXBuildFile; fileRef = 375CA41422AFB0C500E33E7C /* SimpleDemoTests.swift */; };
		375CA42022AFB0C500E33E7C /* SimpleDemoUITests.swift in Sources */ = {isa = PBXBuildFile; fileRef = 375CA41F22AFB0C500E33E7C /* SimpleDemoUITests.swift */; };
		4079BDC411484AD26766F6D1 /* Pods_SimpleDemo.framework in Frameworks */ = {isa = PBXBuildFile; fileRef = EB81F2EB154FD305C23EFEE5 /* Pods_SimpleDemo.framework */; };
		499BA4BEC5F0227DD2A6D0B0 /* Pods_SimpleDemoUITests.framework in Frameworks */ = {isa = PBXBuildFile; fileRef = 3A22B400833A0A9A65435CD8 /* Pods_SimpleDemoUITests.framework */; };
		D5EB3F1C3CFE07DAF4866843 /* Pods_SimpleDemoTests.framework in Frameworks */ = {isa = PBXBuildFile; fileRef = 8C0F02E115BD64D750FB524D /* Pods_SimpleDemoTests.framework */; };
/* End PBXBuildFile section */

/* Begin PBXContainerItemProxy section */
		375CA41122AFB0C500E33E7C /* PBXContainerItemProxy */ = {
			isa = PBXContainerItemProxy;
			containerPortal = 375CA3F422AFB0C300E33E7C /* Project object */;
			proxyType = 1;
			remoteGlobalIDString = 375CA3FB22AFB0C300E33E7C;
			remoteInfo = SimpleDemo;
		};
		375CA41C22AFB0C500E33E7C /* PBXContainerItemProxy */ = {
			isa = PBXContainerItemProxy;
			containerPortal = 375CA3F422AFB0C300E33E7C /* Project object */;
			proxyType = 1;
			remoteGlobalIDString = 375CA3FB22AFB0C300E33E7C;
			remoteInfo = SimpleDemo;
		};
/* End PBXContainerItemProxy section */

/* Begin PBXFileReference section */
		1D20B1B95762686C373E57AF /* Pods-SimpleDemo.debug.xcconfig */ = {isa = PBXFileReference; includeInIndex = 1; lastKnownFileType = text.xcconfig; name = "Pods-SimpleDemo.debug.xcconfig"; path = "Target Support Files/Pods-SimpleDemo/Pods-SimpleDemo.debug.xcconfig"; sourceTree = "<group>"; };
		233D8803CB92C1AE1229AC35 /* Pods-SimpleDemoTests.release.xcconfig */ = {isa = PBXFileReference; includeInIndex = 1; lastKnownFileType = text.xcconfig; name = "Pods-SimpleDemoTests.release.xcconfig"; path = "Target Support Files/Pods-SimpleDemoTests/Pods-SimpleDemoTests.release.xcconfig"; sourceTree = "<group>"; };
		375CA3FC22AFB0C300E33E7C /* SimpleDemo.app */ = {isa = PBXFileReference; explicitFileType = wrapper.application; includeInIndex = 0; path = SimpleDemo.app; sourceTree = BUILT_PRODUCTS_DIR; };
		375CA3FF22AFB0C300E33E7C /* AppDelegate.swift */ = {isa = PBXFileReference; lastKnownFileType = sourcecode.swift; path = AppDelegate.swift; sourceTree = "<group>"; };
		375CA40122AFB0C300E33E7C /* ViewController.swift */ = {isa = PBXFileReference; lastKnownFileType = sourcecode.swift; path = ViewController.swift; sourceTree = "<group>"; };
		375CA40622AFB0C400E33E7C /* Assets.xcassets */ = {isa = PBXFileReference; lastKnownFileType = folder.assetcatalog; path = Assets.xcassets; sourceTree = "<group>"; };
		375CA40922AFB0C400E33E7C /* Base */ = {isa = PBXFileReference; lastKnownFileType = file.storyboard; name = Base; path = Base.lproj/LaunchScreen.storyboard; sourceTree = "<group>"; };
		375CA40B22AFB0C400E33E7C /* Info.plist */ = {isa = PBXFileReference; lastKnownFileType = text.plist.xml; path = Info.plist; sourceTree = "<group>"; };
		375CA41022AFB0C500E33E7C /* SimpleDemoTests.xctest */ = {isa = PBXFileReference; explicitFileType = wrapper.cfbundle; includeInIndex = 0; path = SimpleDemoTests.xctest; sourceTree = BUILT_PRODUCTS_DIR; };
		375CA41422AFB0C500E33E7C /* SimpleDemoTests.swift */ = {isa = PBXFileReference; lastKnownFileType = sourcecode.swift; path = SimpleDemoTests.swift; sourceTree = "<group>"; };
		375CA41622AFB0C500E33E7C /* Info.plist */ = {isa = PBXFileReference; lastKnownFileType = text.plist.xml; path = Info.plist; sourceTree = "<group>"; };
		375CA41B22AFB0C500E33E7C /* SimpleDemoUITests.xctest */ = {isa = PBXFileReference; explicitFileType = wrapper.cfbundle; includeInIndex = 0; path = SimpleDemoUITests.xctest; sourceTree = BUILT_PRODUCTS_DIR; };
		375CA41F22AFB0C500E33E7C /* SimpleDemoUITests.swift */ = {isa = PBXFileReference; lastKnownFileType = sourcecode.swift; path = SimpleDemoUITests.swift; sourceTree = "<group>"; };
		375CA42122AFB0C500E33E7C /* Info.plist */ = {isa = PBXFileReference; lastKnownFileType = text.plist.xml; path = Info.plist; sourceTree = "<group>"; };
		3A22B400833A0A9A65435CD8 /* Pods_SimpleDemoUITests.framework */ = {isa = PBXFileReference; explicitFileType = wrapper.framework; includeInIndex = 0; path = Pods_SimpleDemoUITests.framework; sourceTree = BUILT_PRODUCTS_DIR; };
		8C0F02E115BD64D750FB524D /* Pods_SimpleDemoTests.framework */ = {isa = PBXFileReference; explicitFileType = wrapper.framework; includeInIndex = 0; path = Pods_SimpleDemoTests.framework; sourceTree = BUILT_PRODUCTS_DIR; };
		8E334933DFCF4F27E15CCABF /* Pods-SimpleDemoTests.debug.xcconfig */ = {isa = PBXFileReference; includeInIndex = 1; lastKnownFileType = text.xcconfig; name = "Pods-SimpleDemoTests.debug.xcconfig"; path = "Target Support Files/Pods-SimpleDemoTests/Pods-SimpleDemoTests.debug.xcconfig"; sourceTree = "<group>"; };
		D2F8886B987FEA41D37A4620 /* Pods-SimpleDemoUITests.release.xcconfig */ = {isa = PBXFileReference; includeInIndex = 1; lastKnownFileType = text.xcconfig; name = "Pods-SimpleDemoUITests.release.xcconfig"; path = "Target Support Files/Pods-SimpleDemoUITests/Pods-SimpleDemoUITests.release.xcconfig"; sourceTree = "<group>"; };
		E9F0A1D237DC5FD4D97439A1 /* Pods-SimpleDemo.release.xcconfig */ = {isa = PBXFileReference; includeInIndex = 1; lastKnownFileType = text.xcconfig; name = "Pods-SimpleDemo.release.xcconfig"; path = "Target Support Files/Pods-SimpleDemo/Pods-SimpleDemo.release.xcconfig"; sourceTree = "<group>"; };
		EB81F2EB154FD305C23EFEE5 /* Pods_SimpleDemo.framework */ = {isa = PBXFileReference; explicitFileType = wrapper.framework; includeInIndex = 0; path = Pods_SimpleDemo.framework; sourceTree = BUILT_PRODUCTS_DIR; };
		F28F569CACFC973044B2806B /* Pods-SimpleDemoUITests.debug.xcconfig */ = {isa = PBXFileReference; includeInIndex = 1; lastKnownFileType = text.xcconfig; name = "Pods-SimpleDemoUITests.debug.xcconfig"; path = "Target Support Files/Pods-SimpleDemoUITests/Pods-SimpleDemoUITests.debug.xcconfig"; sourceTree = "<group>"; };
/* End PBXFileReference section */

/* Begin PBXFrameworksBuildPhase section */
		375CA3F922AFB0C300E33E7C /* Frameworks */ = {
			isa = PBXFrameworksBuildPhase;
			buildActionMask = 2147483647;
			files = (
				4079BDC411484AD26766F6D1 /* Pods_SimpleDemo.framework in Frameworks */,
			);
			runOnlyForDeploymentPostprocessing = 0;
		};
		375CA40D22AFB0C500E33E7C /* Frameworks */ = {
			isa = PBXFrameworksBuildPhase;
			buildActionMask = 2147483647;
			files = (
				D5EB3F1C3CFE07DAF4866843 /* Pods_SimpleDemoTests.framework in Frameworks */,
			);
			runOnlyForDeploymentPostprocessing = 0;
		};
		375CA41822AFB0C500E33E7C /* Frameworks */ = {
			isa = PBXFrameworksBuildPhase;
			buildActionMask = 2147483647;
			files = (
				499BA4BEC5F0227DD2A6D0B0 /* Pods_SimpleDemoUITests.framework in Frameworks */,
			);
			runOnlyForDeploymentPostprocessing = 0;
		};
/* End PBXFrameworksBuildPhase section */

/* Begin PBXGroup section */
		375CA3F322AFB0C300E33E7C = {
			isa = PBXGroup;
			children = (
				375CA3FE22AFB0C300E33E7C /* SimpleDemo */,
				375CA41322AFB0C500E33E7C /* SimpleDemoTests */,
				375CA41E22AFB0C500E33E7C /* SimpleDemoUITests */,
				375CA3FD22AFB0C300E33E7C /* Products */,
				FB0AF554ECB0779F4C242817 /* Pods */,
				B54D2547A6359F155DD04F2C /* Frameworks */,
			);
			sourceTree = "<group>";
		};
		375CA3FD22AFB0C300E33E7C /* Products */ = {
			isa = PBXGroup;
			children = (
				375CA3FC22AFB0C300E33E7C /* SimpleDemo.app */,
				375CA41022AFB0C500E33E7C /* SimpleDemoTests.xctest */,
				375CA41B22AFB0C500E33E7C /* SimpleDemoUITests.xctest */,
			);
			name = Products;
			sourceTree = "<group>";
		};
		375CA3FE22AFB0C300E33E7C /* SimpleDemo */ = {
			isa = PBXGroup;
			children = (
				375CA3FF22AFB0C300E33E7C /* AppDelegate.swift */,
				375CA40122AFB0C300E33E7C /* ViewController.swift */,
				375CA40622AFB0C400E33E7C /* Assets.xcassets */,
				375CA40822AFB0C400E33E7C /* LaunchScreen.storyboard */,
				375CA40B22AFB0C400E33E7C /* Info.plist */,
			);
			path = SimpleDemo;
			sourceTree = "<group>";
		};
		375CA41322AFB0C500E33E7C /* SimpleDemoTests */ = {
			isa = PBXGroup;
			children = (
				375CA41422AFB0C500E33E7C /* SimpleDemoTests.swift */,
				375CA41622AFB0C500E33E7C /* Info.plist */,
			);
			path = SimpleDemoTests;
			sourceTree = "<group>";
		};
		375CA41E22AFB0C500E33E7C /* SimpleDemoUITests */ = {
			isa = PBXGroup;
			children = (
				375CA41F22AFB0C500E33E7C /* SimpleDemoUITests.swift */,
				375CA42122AFB0C500E33E7C /* Info.plist */,
			);
			path = SimpleDemoUITests;
			sourceTree = "<group>";
		};
		B54D2547A6359F155DD04F2C /* Frameworks */ = {
			isa = PBXGroup;
			children = (
				EB81F2EB154FD305C23EFEE5 /* Pods_SimpleDemo.framework */,
				8C0F02E115BD64D750FB524D /* Pods_SimpleDemoTests.framework */,
				3A22B400833A0A9A65435CD8 /* Pods_SimpleDemoUITests.framework */,
			);
			name = Frameworks;
			sourceTree = "<group>";
		};
		FB0AF554ECB0779F4C242817 /* Pods */ = {
			isa = PBXGroup;
			children = (
				1D20B1B95762686C373E57AF /* Pods-SimpleDemo.debug.xcconfig */,
				E9F0A1D237DC5FD4D97439A1 /* Pods-SimpleDemo.release.xcconfig */,
				8E334933DFCF4F27E15CCABF /* Pods-SimpleDemoTests.debug.xcconfig */,
				233D8803CB92C1AE1229AC35 /* Pods-SimpleDemoTests.release.xcconfig */,
				F28F569CACFC973044B2806B /* Pods-SimpleDemoUITests.debug.xcconfig */,
				D2F8886B987FEA41D37A4620 /* Pods-SimpleDemoUITests.release.xcconfig */,
			);
			path = Pods;
			sourceTree = "<group>";
		};
/* End PBXGroup section */

/* Begin PBXNativeTarget section */
		375CA3FB22AFB0C300E33E7C /* SimpleDemo */ = {
			isa = PBXNativeTarget;
			buildConfigurationList = 375CA42422AFB0C500E33E7C /* Build configuration list for PBXNativeTarget "SimpleDemo" */;
			buildPhases = (
				B1AABA3674E48B55DC1258C5 /* [CP] Check Pods Manifest.lock */,
				375CA3F822AFB0C300E33E7C /* Sources */,
				375CA3F922AFB0C300E33E7C /* Frameworks */,
				375CA3FA22AFB0C300E33E7C /* Resources */,
				E7082FEDDEAAD78ECB763D88 /* [CP] Embed Pods Frameworks */,
			);
			buildRules = (
			);
			dependencies = (
			);
			name = SimpleDemo;
			productName = SimpleDemo;
			productReference = 375CA3FC22AFB0C300E33E7C /* SimpleDemo.app */;
			productType = "com.apple.product-type.application";
		};
		375CA40F22AFB0C500E33E7C /* SimpleDemoTests */ = {
			isa = PBXNativeTarget;
			buildConfigurationList = 375CA42722AFB0C500E33E7C /* Build configuration list for PBXNativeTarget "SimpleDemoTests" */;
			buildPhases = (
				EF8226527B4689F5C9D2E598 /* [CP] Check Pods Manifest.lock */,
				375CA40C22AFB0C500E33E7C /* Sources */,
				375CA40D22AFB0C500E33E7C /* Frameworks */,
				375CA40E22AFB0C500E33E7C /* Resources */,
			);
			buildRules = (
			);
			dependencies = (
				375CA41222AFB0C500E33E7C /* PBXTargetDependency */,
			);
			name = SimpleDemoTests;
			productName = SimpleDemoTests;
			productReference = 375CA41022AFB0C500E33E7C /* SimpleDemoTests.xctest */;
			productType = "com.apple.product-type.bundle.unit-test";
		};
		375CA41A22AFB0C500E33E7C /* SimpleDemoUITests */ = {
			isa = PBXNativeTarget;
			buildConfigurationList = 375CA42A22AFB0C500E33E7C /* Build configuration list for PBXNativeTarget "SimpleDemoUITests" */;
			buildPhases = (
				421B8F6F1B7F84ADC7B051E8 /* [CP] Check Pods Manifest.lock */,
				375CA41722AFB0C500E33E7C /* Sources */,
				375CA41822AFB0C500E33E7C /* Frameworks */,
				375CA41922AFB0C500E33E7C /* Resources */,
			);
			buildRules = (
			);
			dependencies = (
				375CA41D22AFB0C500E33E7C /* PBXTargetDependency */,
			);
			name = SimpleDemoUITests;
			productName = SimpleDemoUITests;
			productReference = 375CA41B22AFB0C500E33E7C /* SimpleDemoUITests.xctest */;
			productType = "com.apple.product-type.bundle.ui-testing";
		};
/* End PBXNativeTarget section */

/* Begin PBXProject section */
		375CA3F422AFB0C300E33E7C /* Project object */ = {
			isa = PBXProject;
			attributes = {
				LastSwiftUpdateCheck = 1010;
				LastUpgradeCheck = 1010;
				ORGANIZATIONNAME = "马争光";
				TargetAttributes = {
					375CA3FB22AFB0C300E33E7C = {
						CreatedOnToolsVersion = 10.1;
					};
					375CA40F22AFB0C500E33E7C = {
						CreatedOnToolsVersion = 10.1;
						TestTargetID = 375CA3FB22AFB0C300E33E7C;
					};
					375CA41A22AFB0C500E33E7C = {
						CreatedOnToolsVersion = 10.1;
						TestTargetID = 375CA3FB22AFB0C300E33E7C;
					};
				};
			};
			buildConfigurationList = 375CA3F722AFB0C300E33E7C /* Build configuration list for PBXProject "SimpleDemo" */;
			compatibilityVersion = "Xcode 9.3";
			developmentRegion = en;
			hasScannedForEncodings = 0;
			knownRegions = (
				en,
				Base,
			);
			mainGroup = 375CA3F322AFB0C300E33E7C;
			productRefGroup = 375CA3FD22AFB0C300E33E7C /* Products */;
			projectDirPath = "";
			projectRoot = "";
			targets = (
				375CA3FB22AFB0C300E33E7C /* SimpleDemo */,
				375CA40F22AFB0C500E33E7C /* SimpleDemoTests */,
				375CA41A22AFB0C500E33E7C /* SimpleDemoUITests */,
			);
		};
/* End PBXProject section */

/* Begin PBXResourcesBuildPhase section */
		375CA3FA22AFB0C300E33E7C /* Resources */ = {
			isa = PBXResourcesBuildPhase;
			buildActionMask = 2147483647;
			files = (
				375CA40A22AFB0C400E33E7C /* LaunchScreen.storyboard in Resources */,
				375CA40722AFB0C400E33E7C /* Assets.xcassets in Resources */,
			);
			runOnlyForDeploymentPostprocessing = 0;
		};
		375CA40E22AFB0C500E33E7C /* Resources */ = {
			isa = PBXResourcesBuildPhase;
			buildActionMask = 2147483647;
			files = (
			);
			runOnlyForDeploymentPostprocessing = 0;
		};
		375CA41922AFB0C500E33E7C /* Resources */ = {
			isa = PBXResourcesBuildPhase;
			buildActionMask = 2147483647;
			files = (
			);
			runOnlyForDeploymentPostprocessing = 0;
		};
/* End PBXResourcesBuildPhase section */

/* Begin PBXShellScriptBuildPhase section */
		421B8F6F1B7F84ADC7B051E8 /* [CP] Check Pods Manifest.lock */ = {
			isa = PBXShellScriptBuildPhase;
			buildActionMask = 2147483647;
			files = (
			);
			inputFileListPaths = (
			);
			inputPaths = (
				"${PODS_PODFILE_DIR_PATH}/Podfile.lock",
				"${PODS_ROOT}/Manifest.lock",
			);
			name = "[CP] Check Pods Manifest.lock";
			outputFileListPaths = (
			);
			outputPaths = (
				"$(DERIVED_FILE_DIR)/Pods-SimpleDemoUITests-checkManifestLockResult.txt",
			);
			runOnlyForDeploymentPostprocessing = 0;
			shellPath = /bin/sh;
			shellScript = "diff \"${PODS_PODFILE_DIR_PATH}/Podfile.lock\" \"${PODS_ROOT}/Manifest.lock\" > /dev/null\nif [ $? != 0 ] ; then\n    # print error to STDERR\n    echo \"error: The sandbox is not in sync with the Podfile.lock. Run 'pod install' or update your CocoaPods installation.\" >&2\n    exit 1\nfi\n# This output is used by Xcode 'outputs' to avoid re-running this script phase.\necho \"SUCCESS\" > \"${SCRIPT_OUTPUT_FILE_0}\"\n";
			showEnvVarsInLog = 0;
		};
		B1AABA3674E48B55DC1258C5 /* [CP] Check Pods Manifest.lock */ = {
			isa = PBXShellScriptBuildPhase;
			buildActionMask = 2147483647;
			files = (
			);
			inputFileListPaths = (
			);
			inputPaths = (
				"${PODS_PODFILE_DIR_PATH}/Podfile.lock",
				"${PODS_ROOT}/Manifest.lock",
			);
			name = "[CP] Check Pods Manifest.lock";
			outputFileListPaths = (
			);
			outputPaths = (
				"$(DERIVED_FILE_DIR)/Pods-SimpleDemo-checkManifestLockResult.txt",
			);
			runOnlyForDeploymentPostprocessing = 0;
			shellPath = /bin/sh;
			shellScript = "diff \"${PODS_PODFILE_DIR_PATH}/Podfile.lock\" \"${PODS_ROOT}/Manifest.lock\" > /dev/null\nif [ $? != 0 ] ; then\n    # print error to STDERR\n    echo \"error: The sandbox is not in sync with the Podfile.lock. Run 'pod install' or update your CocoaPods installation.\" >&2\n    exit 1\nfi\n# This output is used by Xcode 'outputs' to avoid re-running this script phase.\necho \"SUCCESS\" > \"${SCRIPT_OUTPUT_FILE_0}\"\n";
			showEnvVarsInLog = 0;
		};
		E7082FEDDEAAD78ECB763D88 /* [CP] Embed Pods Frameworks */ = {
			isa = PBXShellScriptBuildPhase;
			buildActionMask = 2147483647;
			files = (
			);
			inputFileListPaths = (
				"${PODS_ROOT}/Target Support Files/Pods-SimpleDemo/Pods-SimpleDemo-frameworks-${CONFIGURATION}-input-files.xcfilelist",
			);
			name = "[CP] Embed Pods Frameworks";
			outputFileListPaths = (
				"${PODS_ROOT}/Target Support Files/Pods-SimpleDemo/Pods-SimpleDemo-frameworks-${CONFIGURATION}-output-files.xcfilelist",
			);
			runOnlyForDeploymentPostprocessing = 0;
			shellPath = /bin/sh;
			shellScript = "\"${PODS_ROOT}/Target Support Files/Pods-SimpleDemo/Pods-SimpleDemo-frameworks.sh\"\n";
			showEnvVarsInLog = 0;
		};
		EF8226527B4689F5C9D2E598 /* [CP] Check Pods Manifest.lock */ = {
			isa = PBXShellScriptBuildPhase;
			buildActionMask = 2147483647;
			files = (
			);
			inputFileListPaths = (
			);
			inputPaths = (
				"${PODS_PODFILE_DIR_PATH}/Podfile.lock",
				"${PODS_ROOT}/Manifest.lock",
			);
			name = "[CP] Check Pods Manifest.lock";
			outputFileListPaths = (
			);
			outputPaths = (
				"$(DERIVED_FILE_DIR)/Pods-SimpleDemoTests-checkManifestLockResult.txt",
			);
			runOnlyForDeploymentPostprocessing = 0;
			shellPath = /bin/sh;
			shellScript = "diff \"${PODS_PODFILE_DIR_PATH}/Podfile.lock\" \"${PODS_ROOT}/Manifest.lock\" > /dev/null\nif [ $? != 0 ] ; then\n    # print error to STDERR\n    echo \"error: The sandbox is not in sync with the Podfile.lock. Run 'pod install' or update your CocoaPods installation.\" >&2\n    exit 1\nfi\n# This output is used by Xcode 'outputs' to avoid re-running this script phase.\necho \"SUCCESS\" > \"${SCRIPT_OUTPUT_FILE_0}\"\n";
			showEnvVarsInLog = 0;
		};
/* End PBXShellScriptBuildPhase section */

/* Begin PBXSourcesBuildPhase section */
		375CA3F822AFB0C300E33E7C /* Sources */ = {
			isa = PBXSourcesBuildPhase;
			buildActionMask = 2147483647;
			files = (
				375CA40222AFB0C300E33E7C /* ViewController.swift in Sources */,
				375CA40022AFB0C300E33E7C /* AppDelegate.swift in Sources */,
			);
			runOnlyForDeploymentPostprocessing = 0;
		};
		375CA40C22AFB0C500E33E7C /* Sources */ = {
			isa = PBXSourcesBuildPhase;
			buildActionMask = 2147483647;
			files = (
				375CA41522AFB0C500E33E7C /* SimpleDemoTests.swift in Sources */,
			);
			runOnlyForDeploymentPostprocessing = 0;
		};
		375CA41722AFB0C500E33E7C /* Sources */ = {
			isa = PBXSourcesBuildPhase;
			buildActionMask = 2147483647;
			files = (
				375CA42022AFB0C500E33E7C /* SimpleDemoUITests.swift in Sources */,
			);
			runOnlyForDeploymentPostprocessing = 0;
		};
/* End PBXSourcesBuildPhase section */

/* Begin PBXTargetDependency section */
		375CA41222AFB0C500E33E7C /* PBXTargetDependency */ = {
			isa = PBXTargetDependency;
			target = 375CA3FB22AFB0C300E33E7C /* SimpleDemo */;
			targetProxy = 375CA41122AFB0C500E33E7C /* PBXContainerItemProxy */;
		};
		375CA41D22AFB0C500E33E7C /* PBXTargetDependency */ = {
			isa = PBXTargetDependency;
			target = 375CA3FB22AFB0C300E33E7C /* SimpleDemo */;
			targetProxy = 375CA41C22AFB0C500E33E7C /* PBXContainerItemProxy */;
		};
/* End PBXTargetDependency section */

/* Begin PBXVariantGroup section */
		375CA40822AFB0C400E33E7C /* LaunchScreen.storyboard */ = {
			isa = PBXVariantGroup;
			children = (
				375CA40922AFB0C400E33E7C /* Base */,
			);
			name = LaunchScreen.storyboard;
			sourceTree = "<group>";
		};
/* End PBXVariantGroup section */

/* Begin XCBuildConfiguration section */
		375CA42222AFB0C500E33E7C /* Debug */ = {
			isa = XCBuildConfiguration;
			buildSettings = {
				ALWAYS_SEARCH_USER_PATHS = NO;
				CLANG_ANALYZER_NONNULL = YES;
				CLANG_ANALYZER_NUMBER_OBJECT_CONVERSION = YES_AGGRESSIVE;
				CLANG_CXX_LANGUAGE_STANDARD = "gnu++14";
				CLANG_CXX_LIBRARY = "libc++";
				CLANG_ENABLE_MODULES = YES;
				CLANG_ENABLE_OBJC_ARC = YES;
				CLANG_ENABLE_OBJC_WEAK = YES;
				CLANG_WARN_BLOCK_CAPTURE_AUTORELEASING = YES;
				CLANG_WARN_BOOL_CONVERSION = YES;
				CLANG_WARN_COMMA = YES;
				CLANG_WARN_CONSTANT_CONVERSION = YES;
				CLANG_WARN_DEPRECATED_OBJC_IMPLEMENTATIONS = YES;
				CLANG_WARN_DIRECT_OBJC_ISA_USAGE = YES_ERROR;
				CLANG_WARN_DOCUMENTATION_COMMENTS = YES;
				CLANG_WARN_EMPTY_BODY = YES;
				CLANG_WARN_ENUM_CONVERSION = YES;
				CLANG_WARN_INFINITE_RECURSION = YES;
				CLANG_WARN_INT_CONVERSION = YES;
				CLANG_WARN_NON_LITERAL_NULL_CONVERSION = YES;
				CLANG_WARN_OBJC_IMPLICIT_RETAIN_SELF = YES;
				CLANG_WARN_OBJC_LITERAL_CONVERSION = YES;
				CLANG_WARN_OBJC_ROOT_CLASS = YES_ERROR;
				CLANG_WARN_RANGE_LOOP_ANALYSIS = YES;
				CLANG_WARN_STRICT_PROTOTYPES = YES;
				CLANG_WARN_SUSPICIOUS_MOVE = YES;
				CLANG_WARN_UNGUARDED_AVAILABILITY = YES_AGGRESSIVE;
				CLANG_WARN_UNREACHABLE_CODE = YES;
				CLANG_WARN__DUPLICATE_METHOD_MATCH = YES;
				CODE_SIGN_IDENTITY = "iPhone Developer";
				COPY_PHASE_STRIP = NO;
				DEBUG_INFORMATION_FORMAT = dwarf;
				ENABLE_STRICT_OBJC_MSGSEND = YES;
				ENABLE_TESTABILITY = YES;
				GCC_C_LANGUAGE_STANDARD = gnu11;
				GCC_DYNAMIC_NO_PIC = NO;
				GCC_NO_COMMON_BLOCKS = YES;
				GCC_OPTIMIZATION_LEVEL = 0;
				GCC_PREPROCESSOR_DEFINITIONS = (
					"DEBUG=1",
					"$(inherited)",
				);
				GCC_WARN_64_TO_32_BIT_CONVERSION = YES;
				GCC_WARN_ABOUT_RETURN_TYPE = YES_ERROR;
				GCC_WARN_UNDECLARED_SELECTOR = YES;
				GCC_WARN_UNINITIALIZED_AUTOS = YES_AGGRESSIVE;
				GCC_WARN_UNUSED_FUNCTION = YES;
				GCC_WARN_UNUSED_VARIABLE = YES;
				IPHONEOS_DEPLOYMENT_TARGET = 12.1;
				MTL_ENABLE_DEBUG_INFO = INCLUDE_SOURCE;
				MTL_FAST_MATH = YES;
				ONLY_ACTIVE_ARCH = YES;
				SDKROOT = iphoneos;
				SWIFT_ACTIVE_COMPILATION_CONDITIONS = DEBUG;
				SWIFT_OPTIMIZATION_LEVEL = "-Onone";
			};
			name = Debug;
		};
		375CA42322AFB0C500E33E7C /* Release */ = {
			isa = XCBuildConfiguration;
			buildSettings = {
				ALWAYS_SEARCH_USER_PATHS = NO;
				CLANG_ANALYZER_NONNULL = YES;
				CLANG_ANALYZER_NUMBER_OBJECT_CONVERSION = YES_AGGRESSIVE;
				CLANG_CXX_LANGUAGE_STANDARD = "gnu++14";
				CLANG_CXX_LIBRARY = "libc++";
				CLANG_ENABLE_MODULES = YES;
				CLANG_ENABLE_OBJC_ARC = YES;
				CLANG_ENABLE_OBJC_WEAK = YES;
				CLANG_WARN_BLOCK_CAPTURE_AUTORELEASING = YES;
				CLANG_WARN_BOOL_CONVERSION = YES;
				CLANG_WARN_COMMA = YES;
				CLANG_WARN_CONSTANT_CONVERSION = YES;
				CLANG_WARN_DEPRECATED_OBJC_IMPLEMENTATIONS = YES;
				CLANG_WARN_DIRECT_OBJC_ISA_USAGE = YES_ERROR;
				CLANG_WARN_DOCUMENTATION_COMMENTS = YES;
				CLANG_WARN_EMPTY_BODY = YES;
				CLANG_WARN_ENUM_CONVERSION = YES;
				CLANG_WARN_INFINITE_RECURSION = YES;
				CLANG_WARN_INT_CONVERSION = YES;
				CLANG_WARN_NON_LITERAL_NULL_CONVERSION = YES;
				CLANG_WARN_OBJC_IMPLICIT_RETAIN_SELF = YES;
				CLANG_WARN_OBJC_LITERAL_CONVERSION = YES;
				CLANG_WARN_OBJC_ROOT_CLASS = YES_ERROR;
				CLANG_WARN_RANGE_LOOP_ANALYSIS = YES;
				CLANG_WARN_STRICT_PROTOTYPES = YES;
				CLANG_WARN_SUSPICIOUS_MOVE = YES;
				CLANG_WARN_UNGUARDED_AVAILABILITY = YES_AGGRESSIVE;
				CLANG_WARN_UNREACHABLE_CODE = YES;
				CLANG_WARN__DUPLICATE_METHOD_MATCH = YES;
				CODE_SIGN_IDENTITY = "iPhone Developer";
				COPY_PHASE_STRIP = NO;
				DEBUG_INFORMATION_FORMAT = "dwarf-with-dsym";
				ENABLE_NS_ASSERTIONS = NO;
				ENABLE_STRICT_OBJC_MSGSEND = YES;
				GCC_C_LANGUAGE_STANDARD = gnu11;
				GCC_NO_COMMON_BLOCKS = YES;
				GCC_WARN_64_TO_32_BIT_CONVERSION = YES;
				GCC_WARN_ABOUT_RETURN_TYPE = YES_ERROR;
				GCC_WARN_UNDECLARED_SELECTOR = YES;
				GCC_WARN_UNINITIALIZED_AUTOS = YES_AGGRESSIVE;
				GCC_WARN_UNUSED_FUNCTION = YES;
				GCC_WARN_UNUSED_VARIABLE = YES;
				IPHONEOS_DEPLOYMENT_TARGET = 12.1;
				MTL_ENABLE_DEBUG_INFO = NO;
				MTL_FAST_MATH = YES;
				SDKROOT = iphoneos;
				SWIFT_COMPILATION_MODE = wholemodule;
				SWIFT_OPTIMIZATION_LEVEL = "-O";
				VALIDATE_PRODUCT = YES;
			};
			name = Release;
		};
		375CA42522AFB0C500E33E7C /* Debug */ = {
			isa = XCBuildConfiguration;
			baseConfigurationReference = 1D20B1B95762686C373E57AF /* Pods-SimpleDemo.debug.xcconfig */;
			buildSettings = {
				ASSETCATALOG_COMPILER_APPICON_NAME = AppIcon;
				CODE_SIGN_STYLE = Automatic;
				DEVELOPMENT_TEAM = 2RS856R568;
				INFOPLIST_FILE = SimpleDemo/Info.plist;
				IPHONEOS_DEPLOYMENT_TARGET = 8.0;
				LD_RUNPATH_SEARCH_PATHS = (
					"$(inherited)",
					"@executable_path/Frameworks",
				);
				PRODUCT_BUNDLE_IDENTIFIER = aaaa.SimpleDemo;
				PRODUCT_NAME = "$(TARGET_NAME)";
				SWIFT_VERSION = 4.2;
				TARGETED_DEVICE_FAMILY = "1,2";
			};
			name = Debug;
		};
		375CA42622AFB0C500E33E7C /* Release */ = {
			isa = XCBuildConfiguration;
			baseConfigurationReference = E9F0A1D237DC5FD4D97439A1 /* Pods-SimpleDemo.release.xcconfig */;
			buildSettings = {
				ASSETCATALOG_COMPILER_APPICON_NAME = AppIcon;
				CODE_SIGN_STYLE = Automatic;
				DEVELOPMENT_TEAM = 2RS856R568;
				INFOPLIST_FILE = SimpleDemo/Info.plist;
				IPHONEOS_DEPLOYMENT_TARGET = 8.0;
				LD_RUNPATH_SEARCH_PATHS = (
					"$(inherited)",
					"@executable_path/Frameworks",
				);
				PRODUCT_BUNDLE_IDENTIFIER = aaaa.SimpleDemo;
				PRODUCT_NAME = "$(TARGET_NAME)";
				SWIFT_VERSION = 4.2;
				TARGETED_DEVICE_FAMILY = "1,2";
			};
			name = Release;
		};
		375CA42822AFB0C500E33E7C /* Debug */ = {
			isa = XCBuildConfiguration;
			baseConfigurationReference = 8E334933DFCF4F27E15CCABF /* Pods-SimpleDemoTests.debug.xcconfig */;
			buildSettings = {
				ALWAYS_EMBED_SWIFT_STANDARD_LIBRARIES = YES;
				BUNDLE_LOADER = "$(TEST_HOST)";
				CODE_SIGN_STYLE = Automatic;
				DEVELOPMENT_TEAM = 2RS856R568;
				INFOPLIST_FILE = SimpleDemoTests/Info.plist;
				LD_RUNPATH_SEARCH_PATHS = (
					"$(inherited)",
					"@executable_path/Frameworks",
					"@loader_path/Frameworks",
				);
				PRODUCT_BUNDLE_IDENTIFIER = aaaa.SimpleDemoTests;
				PRODUCT_NAME = "$(TARGET_NAME)";
				SWIFT_VERSION = 4.2;
				TARGETED_DEVICE_FAMILY = "1,2";
				TEST_HOST = "$(BUILT_PRODUCTS_DIR)/SimpleDemo.app/SimpleDemo";
			};
			name = Debug;
		};
		375CA42922AFB0C500E33E7C /* Release */ = {
			isa = XCBuildConfiguration;
			baseConfigurationReference = 233D8803CB92C1AE1229AC35 /* Pods-SimpleDemoTests.release.xcconfig */;
			buildSettings = {
				ALWAYS_EMBED_SWIFT_STANDARD_LIBRARIES = YES;
				BUNDLE_LOADER = "$(TEST_HOST)";
				CODE_SIGN_STYLE = Automatic;
				DEVELOPMENT_TEAM = 2RS856R568;
				INFOPLIST_FILE = SimpleDemoTests/Info.plist;
				LD_RUNPATH_SEARCH_PATHS = (
					"$(inherited)",
					"@executable_path/Frameworks",
					"@loader_path/Frameworks",
				);
				PRODUCT_BUNDLE_IDENTIFIER = aaaa.SimpleDemoTests;
				PRODUCT_NAME = "$(TARGET_NAME)";
				SWIFT_VERSION = 4.2;
				TARGETED_DEVICE_FAMILY = "1,2";
				TEST_HOST = "$(BUILT_PRODUCTS_DIR)/SimpleDemo.app/SimpleDemo";
			};
			name = Release;
		};
		375CA42B22AFB0C500E33E7C /* Debug */ = {
			isa = XCBuildConfiguration;
			baseConfigurationReference = F28F569CACFC973044B2806B /* Pods-SimpleDemoUITests.debug.xcconfig */;
			buildSettings = {
				ALWAYS_EMBED_SWIFT_STANDARD_LIBRARIES = YES;
				CODE_SIGN_STYLE = Automatic;
				DEVELOPMENT_TEAM = 2RS856R568;
				INFOPLIST_FILE = SimpleDemoUITests/Info.plist;
				LD_RUNPATH_SEARCH_PATHS = (
					"$(inherited)",
					"@executable_path/Frameworks",
					"@loader_path/Frameworks",
				);
				PRODUCT_BUNDLE_IDENTIFIER = aaaa.SimpleDemoUITests;
				PRODUCT_NAME = "$(TARGET_NAME)";
				SWIFT_VERSION = 4.2;
				TARGETED_DEVICE_FAMILY = "1,2";
				TEST_TARGET_NAME = SimpleDemo;
			};
			name = Debug;
		};
		375CA42C22AFB0C500E33E7C /* Release */ = {
			isa = XCBuildConfiguration;
			baseConfigurationReference = D2F8886B987FEA41D37A4620 /* Pods-SimpleDemoUITests.release.xcconfig */;
			buildSettings = {
				ALWAYS_EMBED_SWIFT_STANDARD_LIBRARIES = YES;
				CODE_SIGN_STYLE = Automatic;
				DEVELOPMENT_TEAM = 2RS856R568;
				INFOPLIST_FILE = SimpleDemoUITests/Info.plist;
				LD_RUNPATH_SEARCH_PATHS = (
					"$(inherited)",
					"@executable_path/Frameworks",
					"@loader_path/Frameworks",
				);
				PRODUCT_BUNDLE_IDENTIFIER = aaaa.SimpleDemoUITests;
				PRODUCT_NAME = "$(TARGET_NAME)";
				SWIFT_VERSION = 4.2;
				TARGETED_DEVICE_FAMILY = "1,2";
				TEST_TARGET_NAME = SimpleDemo;
			};
			name = Release;
		};
/* End XCBuildConfiguration section */

/* Begin XCConfigurationList section */
		375CA3F722AFB0C300E33E7C /* Build configuration list for PBXProject "SimpleDemo" */ = {
			isa = XCConfigurationList;
			buildConfigurations = (
				375CA42222AFB0C500E33E7C /* Debug */,
				375CA42322AFB0C500E33E7C /* Release */,
			);
			defaultConfigurationIsVisible = 0;
			defaultConfigurationName = Release;
		};
		375CA42422AFB0C500E33E7C /* Build configuration list for PBXNativeTarget "SimpleDemo" */ = {
			isa = XCConfigurationList;
			buildConfigurations = (
				375CA42522AFB0C500E33E7C /* Debug */,
				375CA42622AFB0C500E33E7C /* Release */,
			);
			defaultConfigurationIsVisible = 0;
			defaultConfigurationName = Release;
		};
		375CA42722AFB0C500E33E7C /* Build configuration list for PBXNativeTarget "SimpleDemoTests" */ = {
			isa = XCConfigurationList;
			buildConfigurations = (
				375CA42822AFB0C500E33E7C /* Debug */,
				375CA42922AFB0C500E33E7C /* Release */,
			);
			defaultConfigurationIsVisible = 0;
			defaultConfigurationName = Release;
		};
		375CA42A22AFB0C500E33E7C /* Build configuration list for PBXNativeTarget "SimpleDemoUITests" */ = {
			isa = XCConfigurationList;
			buildConfigurations = (
				375CA42B22AFB0C500E33E7C /* Debug */,
				375CA42C22AFB0C500E33E7C /* Release */,
			);
			defaultConfigurationIsVisible = 0;
			defaultConfigurationName = Release;
		};
/* End XCConfigurationList section */
	};
	rootObject = 375CA3F422AFB0C300E33E7C /* Project object */;
}
